
Microsoft Visual Studio Solution File, Format Version 12.00
# Visual Studio Version 17
VisualStudioVersion = 17.8.34330.188
MinimumVisualStudioVersion = 10.0.40219.1
Project("{9A19103F-16F7-4668-BE54-9A1E7A4F7556}") = "Assignment.ServiceB", "Assignment.ServiceB\Assignment.ServiceB.csproj", "{2C0B232C-43D4-4A05-8425-FCE58ACCBD42}"
EndProject
Project("{FAE04EC0-301F-11D3-BF4B-00C04F79EFBC}") = "Assignment.ServiceA", "Assignment.ServiceA\Assignment.ServiceA.csproj", "{1B85C487-867F-4C7C-B630-E937203DA1D6}"
EndProject
Global
	GlobalSection(SolutionConfigurationPlatforms) = preSolution
		Debug|Any CPU = Debug|Any CPU
		Release|Any CPU = Release|Any CPU
	EndGlobalSection
	GlobalSection(ProjectConfigurationPlatforms) = postSolution
		{2C0B232C-43D4-4A05-8425-FCE58ACCBD42}.Debug|Any CPU.ActiveCfg = Debug|Any CPU
		{2C0B232C-43D4-4A05-8425-FCE58ACCBD42}.Debug|Any CPU.Build.0 = Debug|Any CPU
		{2C0B232C-43D4-4A05-8425-FCE58ACCBD42}.Release|Any CPU.ActiveCfg = Release|Any CPU
		{2C0B232C-43D4-4A05-8425-FCE58ACCBD42}.Release|Any CPU.Build.0 = Release|Any CPU
		{1B85C487-867F-4C7C-B630-E937203DA1D6}.Debug|Any CPU.ActiveCfg = Debug|Any CPU
		{1B85C487-867F-4C7C-B630-E937203DA1D6}.Debug|Any CPU.Build.0 = Debug|Any CPU
		{1B85C487-867F-4C7C-B630-E937203DA1D6}.Release|Any CPU.ActiveCfg = Release|Any CPU
		{1B85C487-867F-4C7C-B630-E937203DA1D6}.Release|Any CPU.Build.0 = Release|Any CPU
	EndGlobalSection
	GlobalSection(SolutionProperties) = preSolution
		HideSolutionNode = FALSE
	EndGlobalSection
	GlobalSection(ExtensibilityGlobals) = postSolution
		SolutionGuid = {20C253A5-6FD1-46C1-8959-67B0CB5E6241}
	EndGlobalSection
EndGlobal
